
Microsoft Visual Studio Solution File, Format Version 12.00
# Visual Studio 15
VisualStudioVersion = 15.0.26127.0
MinimumVisualStudioVersion = 10.0.40219.1
Project("{8BC9CEB8-8B4A-11D0-8D11-00A0C91BC942}") = "GravityLang", "gravity\gravity.vcxproj", "{EC12BE0A-025E-4168-9D2D-419A18CB2EF5}"
EndProject
Project("{2150E333-8FDC-42A3-9474-1A3956D46DE8}") = "Solution Items", "Solution Items", "{23D9D4FA-6B0F-4151-9CD6-C56F0C44F646}"
	ProjectSection(SolutionItems) = preProject
		exports.def = exports.def
	EndProjectSection
EndProject
Global
	GlobalSection(SolutionConfigurationPlatforms) = preSolution
		Debug|x64 = Debug|x64
		Debug|x86 = Debug|x86
		Release|x64 = Release|x64
		Release|x86 = Release|x86
	EndGlobalSection
	GlobalSection(ProjectConfigurationPlatforms) = postSolution
		{EC12BE0A-025E-4168-9D2D-419A18CB2EF5}.Debug|x64.ActiveCfg = Debug|x64
		{EC12BE0A-025E-4168-9D2D-419A18CB2EF5}.Debug|x64.Build.0 = Debug|x64
		{EC12BE0A-025E-4168-9D2D-419A18CB2EF5}.Debug|x86.ActiveCfg = Debug|Win32
		{EC12BE0A-025E-4168-9D2D-419A18CB2EF5}.Debug|x86.Build.0 = Debug|Win32
		{EC12BE0A-025E-4168-9D2D-419A18CB2EF5}.Release|x64.ActiveCfg = Release|x64
		{EC12BE0A-025E-4168-9D2D-419A18CB2EF5}.Release|x64.Build.0 = Release|x64
		{EC12BE0A-025E-4168-9D2D-419A18CB2EF5}.Release|x86.ActiveCfg = Release|Win32
		{EC12BE0A-025E-4168-9D2D-419A18CB2EF5}.Release|x86.Build.0 = Release|Win32
	EndGlobalSection
	GlobalSection(SolutionProperties) = preSolution
		HideSolutionNode = FALSE
	EndGlobalSection
EndGlobal
