// !$*UTF8*$!
{
	archiveVersion = 1;
	classes = {
	};
	objectVersion = 46;
	objects = {

/* Begin PBXBuildFile section */
		A9506D381E69AB66009A0045 /* gravity.c in Sources */ = {isa = PBXBuildFile; fileRef = A9506CFC1E69AB1E009A0045 /* gravity.c */; };
		A9506D3A1E69AB78009A0045 /* gravity_ast.c in Sources */ = {isa = PBXBuildFile; fileRef = A9506D001E69AB1E009A0045 /* gravity_ast.c */; };
		A9506D3B1E69AB78009A0045 /* gravity_codegen.c in Sources */ = {isa = PBXBuildFile; fileRef = A9506D021E69AB1E009A0045 /* gravity_codegen.c */; };
		A9506D3C1E69AB78009A0045 /* gravity_compiler.c in Sources */ = {isa = PBXBuildFile; fileRef = A9506D041E69AB1E009A0045 /* gravity_compiler.c */; };
		A9506D3D1E69AB78009A0045 /* gravity_ircode.c in Sources */ = {isa = PBXBuildFile; fileRef = A9506D061E69AB1E009A0045 /* gravity_ircode.c */; };
		A9506D3E1E69AB78009A0045 /* gravity_lexer.c in Sources */ = {isa = PBXBuildFile; fileRef = A9506D081E69AB1E009A0045 /* gravity_lexer.c */; };
		A9506D3F1E69AB78009A0045 /* gravity_optimizer.c in Sources */ = {isa = PBXBuildFile; fileRef = A9506D0A1E69AB1E009A0045 /* gravity_optimizer.c */; };
		A9506D401E69AB78009A0045 /* gravity_parser.c in Sources */ = {isa = PBXBuildFile; fileRef = A9506D0C1E69AB1E009A0045 /* gravity_parser.c */; };
		A9506D411E69AB78009A0045 /* gravity_semacheck1.c in Sources */ = {isa = PBXBuildFile; fileRef = A9506D0E1E69AB1E009A0045 /* gravity_semacheck1.c */; };
		A9506D421E69AB78009A0045 /* gravity_semacheck2.c in Sources */ = {isa = PBXBuildFile; fileRef = A9506D101E69AB1E009A0045 /* gravity_semacheck2.c */; };
		A9506D431E69AB78009A0045 /* gravity_symboltable.c in Sources */ = {isa = PBXBuildFile; fileRef = A9506D121E69AB1E009A0045 /* gravity_symboltable.c */; };
		A9506D441E69AB78009A0045 /* gravity_token.c in Sources */ = {isa = PBXBuildFile; fileRef = A9506D141E69AB1E009A0045 /* gravity_token.c */; };
		A9506D451E69AB78009A0045 /* gravity_visitor.c in Sources */ = {isa = PBXBuildFile; fileRef = A9506D161E69AB1E009A0045 /* gravity_visitor.c */; };
		A9506D521E69AB7E009A0045 /* gravity_core.c in Sources */ = {isa = PBXBuildFile; fileRef = A9506D191E69AB1E009A0045 /* gravity_core.c */; };
		A9506D531E69AB7E009A0045 /* gravity_vm.c in Sources */ = {isa = PBXBuildFile; fileRef = A9506D1B1E69AB1E009A0045 /* gravity_vm.c */; };
		A9506D561E69AB86009A0045 /* gravity_hash.c in Sources */ = {isa = PBXBuildFile; fileRef = A9506D211E69AB1E009A0045 /* gravity_hash.c */; };
		A9506D571E69AB86009A0045 /* gravity_memory.c in Sources */ = {isa = PBXBuildFile; fileRef = A9506D241E69AB1E009A0045 /* gravity_memory.c */; };
		A9506D581E69AB86009A0045 /* gravity_value.c in Sources */ = {isa = PBXBuildFile; fileRef = A9506D271E69AB1E009A0045 /* gravity_value.c */; };
		A9506D5C1E69AB8D009A0045 /* gravity_debug.c in Sources */ = {isa = PBXBuildFile; fileRef = A9506D2A1E69AB1E009A0045 /* gravity_debug.c */; };
		A9506D5D1E69AB8D009A0045 /* gravity_json.c in Sources */ = {isa = PBXBuildFile; fileRef = A9506D2C1E69AB1E009A0045 /* gravity_json.c */; };
		A9506D5E1E69AB8D009A0045 /* gravity_utils.c in Sources */ = {isa = PBXBuildFile; fileRef = A9506D2E1E69AB1E009A0045 /* gravity_utils.c */; };
		A956AADE220EBB8100C361D6 /* gravity_opt_env.c in Sources */ = {isa = PBXBuildFile; fileRef = A956AADC220EBB8100C361D6 /* gravity_opt_env.c */; };
		A989830623189DFF006F82BE /* gravity_opt_json.c in Sources */ = {isa = PBXBuildFile; fileRef = A989830423189DFF006F82BE /* gravity_opt_json.c */; };
		A9BB72F01F470832002FD2D6 /* gravity_opt_math.c in Sources */ = {isa = PBXBuildFile; fileRef = A9BB72EC1F470832002FD2D6 /* gravity_opt_math.c */; };
/* End PBXBuildFile section */

/* Begin PBXCopyFilesBuildPhase section */
		A9506CEE1E69AAEB009A0045 /* CopyFiles */ = {
			isa = PBXCopyFilesBuildPhase;
			buildActionMask = 2147483647;
			dstPath = /usr/share/man/man1/;
			dstSubfolderSpec = 0;
			files = (
			);
			runOnlyForDeploymentPostprocessing = 1;
		};
/* End PBXCopyFilesBuildPhase section */

/* Begin PBXFileReference section */
		A9506CF01E69AAEB009A0045 /* gravity */ = {isa = PBXFileReference; explicitFileType = "compiled.mach-o.executable"; includeInIndex = 0; path = gravity; sourceTree = BUILT_PRODUCTS_DIR; };
		A9506CFC1E69AB1E009A0045 /* gravity.c */ = {isa = PBXFileReference; lastKnownFileType = sourcecode.c.c; path = gravity.c; sourceTree = "<group>"; };
		A9506CFF1E69AB1E009A0045 /* debug_macros.h */ = {isa = PBXFileReference; lastKnownFileType = sourcecode.c.h; path = debug_macros.h; sourceTree = "<group>"; };
		A9506D001E69AB1E009A0045 /* gravity_ast.c */ = {isa = PBXFileReference; lastKnownFileType = sourcecode.c.c; path = gravity_ast.c; sourceTree = "<group>"; };
		A9506D011E69AB1E009A0045 /* gravity_ast.h */ = {isa = PBXFileReference; lastKnownFileType = sourcecode.c.h; path = gravity_ast.h; sourceTree = "<group>"; };
		A9506D021E69AB1E009A0045 /* gravity_codegen.c */ = {isa = PBXFileReference; lastKnownFileType = sourcecode.c.c; path = gravity_codegen.c; sourceTree = "<group>"; };
		A9506D031E69AB1E009A0045 /* gravity_codegen.h */ = {isa = PBXFileReference; lastKnownFileType = sourcecode.c.h; path = gravity_codegen.h; sourceTree = "<group>"; };
		A9506D041E69AB1E009A0045 /* gravity_compiler.c */ = {isa = PBXFileReference; lastKnownFileType = sourcecode.c.c; path = gravity_compiler.c; sourceTree = "<group>"; };
		A9506D051E69AB1E009A0045 /* gravity_compiler.h */ = {isa = PBXFileReference; lastKnownFileType = sourcecode.c.h; path = gravity_compiler.h; sourceTree = "<group>"; };
		A9506D061E69AB1E009A0045 /* gravity_ircode.c */ = {isa = PBXFileReference; lastKnownFileType = sourcecode.c.c; path = gravity_ircode.c; sourceTree = "<group>"; };
		A9506D071E69AB1E009A0045 /* gravity_ircode.h */ = {isa = PBXFileReference; lastKnownFileType = sourcecode.c.h; path = gravity_ircode.h; sourceTree = "<group>"; };
		A9506D081E69AB1E009A0045 /* gravity_lexer.c */ = {isa = PBXFileReference; lastKnownFileType = sourcecode.c.c; path = gravity_lexer.c; sourceTree = "<group>"; };
		A9506D091E69AB1E009A0045 /* gravity_lexer.h */ = {isa = PBXFileReference; lastKnownFileType = sourcecode.c.h; path = gravity_lexer.h; sourceTree = "<group>"; };
		A9506D0A1E69AB1E009A0045 /* gravity_optimizer.c */ = {isa = PBXFileReference; lastKnownFileType = sourcecode.c.c; path = gravity_optimizer.c; sourceTree = "<group>"; };
		A9506D0B1E69AB1E009A0045 /* gravity_optimizer.h */ = {isa = PBXFileReference; lastKnownFileType = sourcecode.c.h; path = gravity_optimizer.h; sourceTree = "<group>"; };
		A9506D0C1E69AB1E009A0045 /* gravity_parser.c */ = {isa = PBXFileReference; lastKnownFileType = sourcecode.c.c; path = gravity_parser.c; sourceTree = "<group>"; };
		A9506D0D1E69AB1E009A0045 /* gravity_parser.h */ = {isa = PBXFileReference; lastKnownFileType = sourcecode.c.h; path = gravity_parser.h; sourceTree = "<group>"; };
		A9506D0E1E69AB1E009A0045 /* gravity_semacheck1.c */ = {isa = PBXFileReference; lastKnownFileType = sourcecode.c.c; path = gravity_semacheck1.c; sourceTree = "<group>"; };
		A9506D0F1E69AB1E009A0045 /* gravity_semacheck1.h */ = {isa = PBXFileReference; lastKnownFileType = sourcecode.c.h; path = gravity_semacheck1.h; sourceTree = "<group>"; };
		A9506D101E69AB1E009A0045 /* gravity_semacheck2.c */ = {isa = PBXFileReference; lastKnownFileType = sourcecode.c.c; path = gravity_semacheck2.c; sourceTree = "<group>"; };
		A9506D111E69AB1E009A0045 /* gravity_semacheck2.h */ = {isa = PBXFileReference; lastKnownFileType = sourcecode.c.h; path = gravity_semacheck2.h; sourceTree = "<group>"; };
		A9506D121E69AB1E009A0045 /* gravity_symboltable.c */ = {isa = PBXFileReference; lastKnownFileType = sourcecode.c.c; path = gravity_symboltable.c; sourceTree = "<group>"; };
		A9506D131E69AB1E009A0045 /* gravity_symboltable.h */ = {isa = PBXFileReference; lastKnownFileType = sourcecode.c.h; path = gravity_symboltable.h; sourceTree = "<group>"; };
		A9506D141E69AB1E009A0045 /* gravity_token.c */ = {isa = PBXFileReference; lastKnownFileType = sourcecode.c.c; path = gravity_token.c; sourceTree = "<group>"; };
		A9506D151E69AB1E009A0045 /* gravity_token.h */ = {isa = PBXFileReference; lastKnownFileType = sourcecode.c.h; path = gravity_token.h; sourceTree = "<group>"; };
		A9506D161E69AB1E009A0045 /* gravity_visitor.c */ = {isa = PBXFileReference; lastKnownFileType = sourcecode.c.c; path = gravity_visitor.c; sourceTree = "<group>"; };
		A9506D171E69AB1E009A0045 /* gravity_visitor.h */ = {isa = PBXFileReference; lastKnownFileType = sourcecode.c.h; path = gravity_visitor.h; sourceTree = "<group>"; };
		A9506D191E69AB1E009A0045 /* gravity_core.c */ = {isa = PBXFileReference; lastKnownFileType = sourcecode.c.c; path = gravity_core.c; sourceTree = "<group>"; };
		A9506D1A1E69AB1E009A0045 /* gravity_core.h */ = {isa = PBXFileReference; lastKnownFileType = sourcecode.c.h; path = gravity_core.h; sourceTree = "<group>"; };
		A9506D1B1E69AB1E009A0045 /* gravity_vm.c */ = {isa = PBXFileReference; lastKnownFileType = sourcecode.c.c; path = gravity_vm.c; sourceTree = "<group>"; };
		A9506D1C1E69AB1E009A0045 /* gravity_vm.h */ = {isa = PBXFileReference; lastKnownFileType = sourcecode.c.h; path = gravity_vm.h; sourceTree = "<group>"; };
		A9506D1D1E69AB1E009A0045 /* gravity_vmmacros.h */ = {isa = PBXFileReference; lastKnownFileType = sourcecode.c.h; path = gravity_vmmacros.h; sourceTree = "<group>"; };
		A9506D1F1E69AB1E009A0045 /* gravity_array.h */ = {isa = PBXFileReference; lastKnownFileType = sourcecode.c.h; path = gravity_array.h; sourceTree = "<group>"; };
		A9506D201E69AB1E009A0045 /* gravity_delegate.h */ = {isa = PBXFileReference; lastKnownFileType = sourcecode.c.h; path = gravity_delegate.h; sourceTree = "<group>"; };
		A9506D211E69AB1E009A0045 /* gravity_hash.c */ = {isa = PBXFileReference; lastKnownFileType = sourcecode.c.c; path = gravity_hash.c; sourceTree = "<group>"; };
		A9506D221E69AB1E009A0045 /* gravity_hash.h */ = {isa = PBXFileReference; lastKnownFileType = sourcecode.c.h; path = gravity_hash.h; sourceTree = "<group>"; };
		A9506D231E69AB1E009A0045 /* gravity_macros.h */ = {isa = PBXFileReference; lastKnownFileType = sourcecode.c.h; path = gravity_macros.h; sourceTree = "<group>"; };
		A9506D241E69AB1E009A0045 /* gravity_memory.c */ = {isa = PBXFileReference; lastKnownFileType = sourcecode.c.c; path = gravity_memory.c; sourceTree = "<group>"; };
		A9506D251E69AB1E009A0045 /* gravity_memory.h */ = {isa = PBXFileReference; lastKnownFileType = sourcecode.c.h; path = gravity_memory.h; sourceTree = "<group>"; };
		A9506D261E69AB1E009A0045 /* gravity_opcodes.h */ = {isa = PBXFileReference; lastKnownFileType = sourcecode.c.h; path = gravity_opcodes.h; sourceTree = "<group>"; };
		A9506D271E69AB1E009A0045 /* gravity_value.c */ = {isa = PBXFileReference; lastKnownFileType = sourcecode.c.c; path = gravity_value.c; sourceTree = "<group>"; };
		A9506D281E69AB1E009A0045 /* gravity_value.h */ = {isa = PBXFileReference; lastKnownFileType = sourcecode.c.h; path = gravity_value.h; sourceTree = "<group>"; };
		A9506D2A1E69AB1E009A0045 /* gravity_debug.c */ = {isa = PBXFileReference; lastKnownFileType = sourcecode.c.c; path = gravity_debug.c; sourceTree = "<group>"; };
		A9506D2B1E69AB1E009A0045 /* gravity_debug.h */ = {isa = PBXFileReference; lastKnownFileType = sourcecode.c.h; path = gravity_debug.h; sourceTree = "<group>"; };
		A9506D2C1E69AB1E009A0045 /* gravity_json.c */ = {isa = PBXFileReference; lastKnownFileType = sourcecode.c.c; path = gravity_json.c; sourceTree = "<group>"; };
		A9506D2D1E69AB1E009A0045 /* gravity_json.h */ = {isa = PBXFileReference; lastKnownFileType = sourcecode.c.h; path = gravity_json.h; sourceTree = "<group>"; };
		A9506D2E1E69AB1E009A0045 /* gravity_utils.c */ = {isa = PBXFileReference; lastKnownFileType = sourcecode.c.c; path = gravity_utils.c; sourceTree = "<group>"; };
		A9506D2F1E69AB1E009A0045 /* gravity_utils.h */ = {isa = PBXFileReference; lastKnownFileType = sourcecode.c.h; path = gravity_utils.h; sourceTree = "<group>"; };
		A956AADC220EBB8100C361D6 /* gravity_opt_env.c */ = {isa = PBXFileReference; fileEncoding = 4; lastKnownFileType = sourcecode.c.c; path = gravity_opt_env.c; sourceTree = "<group>"; };
		A956AADD220EBB8100C361D6 /* gravity_opt_env.h */ = {isa = PBXFileReference; fileEncoding = 4; lastKnownFileType = sourcecode.c.h; path = gravity_opt_env.h; sourceTree = "<group>"; };
		A989830423189DFF006F82BE /* gravity_opt_json.c */ = {isa = PBXFileReference; fileEncoding = 4; lastKnownFileType = sourcecode.c.c; path = gravity_opt_json.c; sourceTree = "<group>"; };
		A989830523189DFF006F82BE /* gravity_opt_json.h */ = {isa = PBXFileReference; fileEncoding = 4; lastKnownFileType = sourcecode.c.h; path = gravity_opt_json.h; sourceTree = "<group>"; };
		A9BB72EC1F470832002FD2D6 /* gravity_opt_math.c */ = {isa = PBXFileReference; fileEncoding = 4; lastKnownFileType = sourcecode.c.c; path = gravity_opt_math.c; sourceTree = "<group>"; };
		A9BB72ED1F470832002FD2D6 /* gravity_opt_math.h */ = {isa = PBXFileReference; fileEncoding = 4; lastKnownFileType = sourcecode.c.h; path = gravity_opt_math.h; sourceTree = "<group>"; };
		A9BB72EE1F470832002FD2D6 /* gravity_optionals.h */ = {isa = PBXFileReference; fileEncoding = 4; lastKnownFileType = sourcecode.c.h; path = gravity_optionals.h; sourceTree = "<group>"; };
/* End PBXFileReference section */

/* Begin PBXFrameworksBuildPhase section */
		A9506CED1E69AAEB009A0045 /* Frameworks */ = {
			isa = PBXFrameworksBuildPhase;
			buildActionMask = 2147483647;
			files = (
			);
			runOnlyForDeploymentPostprocessing = 0;
		};
/* End PBXFrameworksBuildPhase section */

/* Begin PBXGroup section */
		A90CDBC220E4AF2400616D56 /* cli */ = {
			isa = PBXGroup;
			children = (
				A9506CFC1E69AB1E009A0045 /* gravity.c */,
			);
			path = cli;
			sourceTree = "<group>";
		};
		A9506CE71E69AAEB009A0045 = {
			isa = PBXGroup;
			children = (
				A9506CFA1E69AB1E009A0045 /* gravity */,
				A9506CF11E69AAEB009A0045 /* Products */,
			);
			sourceTree = "<group>";
		};
		A9506CF11E69AAEB009A0045 /* Products */ = {
			isa = PBXGroup;
			children = (
				A9506CF01E69AAEB009A0045 /* gravity */,
			);
			name = Products;
			sourceTree = "<group>";
		};
		A9506CFA1E69AB1E009A0045 /* gravity */ = {
			isa = PBXGroup;
			children = (
				A90CDBC220E4AF2400616D56 /* cli */,
				A9506CFE1E69AB1E009A0045 /* compiler */,
				A9506D181E69AB1E009A0045 /* runtime */,
				A9506D1E1E69AB1E009A0045 /* shared */,
				A9506D291E69AB1E009A0045 /* utils */,
				A9BB72EB1F470832002FD2D6 /* optionals */,
			);
			name = gravity;
			path = src;
			sourceTree = "<group>";
		};
		A9506CFE1E69AB1E009A0045 /* compiler */ = {
			isa = PBXGroup;
			children = (
				A9506CFF1E69AB1E009A0045 /* debug_macros.h */,
				A9506D001E69AB1E009A0045 /* gravity_ast.c */,
				A9506D011E69AB1E009A0045 /* gravity_ast.h */,
				A9506D021E69AB1E009A0045 /* gravity_codegen.c */,
				A9506D031E69AB1E009A0045 /* gravity_codegen.h */,
				A9506D041E69AB1E009A0045 /* gravity_compiler.c */,
				A9506D051E69AB1E009A0045 /* gravity_compiler.h */,
				A9506D061E69AB1E009A0045 /* gravity_ircode.c */,
				A9506D071E69AB1E009A0045 /* gravity_ircode.h */,
				A9506D081E69AB1E009A0045 /* gravity_lexer.c */,
				A9506D091E69AB1E009A0045 /* gravity_lexer.h */,
				A9506D0A1E69AB1E009A0045 /* gravity_optimizer.c */,
				A9506D0B1E69AB1E009A0045 /* gravity_optimizer.h */,
				A9506D0C1E69AB1E009A0045 /* gravity_parser.c */,
				A9506D0D1E69AB1E009A0045 /* gravity_parser.h */,
				A9506D0E1E69AB1E009A0045 /* gravity_semacheck1.c */,
				A9506D0F1E69AB1E009A0045 /* gravity_semacheck1.h */,
				A9506D101E69AB1E009A0045 /* gravity_semacheck2.c */,
				A9506D111E69AB1E009A0045 /* gravity_semacheck2.h */,
				A9506D121E69AB1E009A0045 /* gravity_symboltable.c */,
				A9506D131E69AB1E009A0045 /* gravity_symboltable.h */,
				A9506D141E69AB1E009A0045 /* gravity_token.c */,
				A9506D151E69AB1E009A0045 /* gravity_token.h */,
				A9506D161E69AB1E009A0045 /* gravity_visitor.c */,
				A9506D171E69AB1E009A0045 /* gravity_visitor.h */,
			);
			path = compiler;
			sourceTree = "<group>";
		};
		A9506D181E69AB1E009A0045 /* runtime */ = {
			isa = PBXGroup;
			children = (
				A9506D191E69AB1E009A0045 /* gravity_core.c */,
				A9506D1A1E69AB1E009A0045 /* gravity_core.h */,
				A9506D1B1E69AB1E009A0045 /* gravity_vm.c */,
				A9506D1C1E69AB1E009A0045 /* gravity_vm.h */,
				A9506D1D1E69AB1E009A0045 /* gravity_vmmacros.h */,
			);
			path = runtime;
			sourceTree = "<group>";
		};
		A9506D1E1E69AB1E009A0045 /* shared */ = {
			isa = PBXGroup;
			children = (
				A9506D1F1E69AB1E009A0045 /* gravity_array.h */,
				A9506D201E69AB1E009A0045 /* gravity_delegate.h */,
				A9506D211E69AB1E009A0045 /* gravity_hash.c */,
				A9506D221E69AB1E009A0045 /* gravity_hash.h */,
				A9506D231E69AB1E009A0045 /* gravity_macros.h */,
				A9506D241E69AB1E009A0045 /* gravity_memory.c */,
				A9506D251E69AB1E009A0045 /* gravity_memory.h */,
				A9506D261E69AB1E009A0045 /* gravity_opcodes.h */,
				A9506D271E69AB1E009A0045 /* gravity_value.c */,
				A9506D281E69AB1E009A0045 /* gravity_value.h */,
			);
			path = shared;
			sourceTree = "<group>";
		};
		A9506D291E69AB1E009A0045 /* utils */ = {
			isa = PBXGroup;
			children = (
				A9506D2A1E69AB1E009A0045 /* gravity_debug.c */,
				A9506D2B1E69AB1E009A0045 /* gravity_debug.h */,
				A9506D2C1E69AB1E009A0045 /* gravity_json.c */,
				A9506D2D1E69AB1E009A0045 /* gravity_json.h */,
				A9506D2E1E69AB1E009A0045 /* gravity_utils.c */,
				A9506D2F1E69AB1E009A0045 /* gravity_utils.h */,
			);
			path = utils;
			sourceTree = "<group>";
		};
		A9BB72EB1F470832002FD2D6 /* optionals */ = {
			isa = PBXGroup;
			children = (
				A9BB72EC1F470832002FD2D6 /* gravity_opt_math.c */,
				A9BB72ED1F470832002FD2D6 /* gravity_opt_math.h */,
				A989830423189DFF006F82BE /* gravity_opt_json.c */,
				A989830523189DFF006F82BE /* gravity_opt_json.h */,
				A956AADC220EBB8100C361D6 /* gravity_opt_env.c */,
				A956AADD220EBB8100C361D6 /* gravity_opt_env.h */,
				A9BB72EE1F470832002FD2D6 /* gravity_optionals.h */,
			);
			path = optionals;
			sourceTree = "<group>";
		};
/* End PBXGroup section */

/* Begin PBXNativeTarget section */
		A9506CEF1E69AAEB009A0045 /* gravity */ = {
			isa = PBXNativeTarget;
			buildConfigurationList = A9506CF71E69AAEB009A0045 /* Build configuration list for PBXNativeTarget "gravity" */;
			buildPhases = (
				A9506CEC1E69AAEB009A0045 /* Sources */,
				A9506CED1E69AAEB009A0045 /* Frameworks */,
				A9506CEE1E69AAEB009A0045 /* CopyFiles */,
			);
			buildRules = (
			);
			dependencies = (
			);
			name = gravity;
			productName = gravity;
			productReference = A9506CF01E69AAEB009A0045 /* gravity */;
			productType = "com.apple.product-type.tool";
		};
/* End PBXNativeTarget section */

/* Begin PBXProject section */
		A9506CE81E69AAEB009A0045 /* Project object */ = {
			isa = PBXProject;
			attributes = {
				LastUpgradeCheck = 1020;
				ORGANIZATIONNAME = Creolabs;
				TargetAttributes = {
					A9506CEF1E69AAEB009A0045 = {
						CreatedOnToolsVersion = 8.2.1;
						ProvisioningStyle = Automatic;
					};
				};
			};
			buildConfigurationList = A9506CEB1E69AAEB009A0045 /* Build configuration list for PBXProject "gravity" */;
			compatibilityVersion = "Xcode 3.2";
			developmentRegion = en;
			hasScannedForEncodings = 0;
			knownRegions = (
				en,
				Base,
			);
			mainGroup = A9506CE71E69AAEB009A0045;
			productRefGroup = A9506CF11E69AAEB009A0045 /* Products */;
			projectDirPath = "";
			projectRoot = "";
			targets = (
				A9506CEF1E69AAEB009A0045 /* gravity */,
			);
		};
/* End PBXProject section */

/* Begin PBXSourcesBuildPhase section */
		A9506CEC1E69AAEB009A0045 /* Sources */ = {
			isa = PBXSourcesBuildPhase;
			buildActionMask = 2147483647;
			files = (
				A9506D3D1E69AB78009A0045 /* gravity_ircode.c in Sources */,
				A9506D3F1E69AB78009A0045 /* gravity_optimizer.c in Sources */,
				A9506D441E69AB78009A0045 /* gravity_token.c in Sources */,
				A9506D571E69AB86009A0045 /* gravity_memory.c in Sources */,
				A9506D581E69AB86009A0045 /* gravity_value.c in Sources */,
				A9506D3B1E69AB78009A0045 /* gravity_codegen.c in Sources */,
				A956AADE220EBB8100C361D6 /* gravity_opt_env.c in Sources */,
				A9506D5D1E69AB8D009A0045 /* gravity_json.c in Sources */,
				A9506D531E69AB7E009A0045 /* gravity_vm.c in Sources */,
				A9506D411E69AB78009A0045 /* gravity_semacheck1.c in Sources */,
				A9506D401E69AB78009A0045 /* gravity_parser.c in Sources */,
				A9506D5C1E69AB8D009A0045 /* gravity_debug.c in Sources */,
				A9506D381E69AB66009A0045 /* gravity.c in Sources */,
				A9506D561E69AB86009A0045 /* gravity_hash.c in Sources */,
				A9506D421E69AB78009A0045 /* gravity_semacheck2.c in Sources */,
				A9506D3E1E69AB78009A0045 /* gravity_lexer.c in Sources */,
				A9506D431E69AB78009A0045 /* gravity_symboltable.c in Sources */,
				A9BB72F01F470832002FD2D6 /* gravity_opt_math.c in Sources */,
				A9506D3A1E69AB78009A0045 /* gravity_ast.c in Sources */,
				A9506D5E1E69AB8D009A0045 /* gravity_utils.c in Sources */,
				A9506D451E69AB78009A0045 /* gravity_visitor.c in Sources */,
				A9506D3C1E69AB78009A0045 /* gravity_compiler.c in Sources */,
				A989830623189DFF006F82BE /* gravity_opt_json.c in Sources */,
				A9506D521E69AB7E009A0045 /* gravity_core.c in Sources */,
			);
			runOnlyForDeploymentPostprocessing = 0;
		};
/* End PBXSourcesBuildPhase section */

/* Begin XCBuildConfiguration section */
		A9506CF51E69AAEB009A0045 /* Debug */ = {
			isa = XCBuildConfiguration;
			buildSettings = {
				ALWAYS_SEARCH_USER_PATHS = NO;
				CLANG_ANALYZER_LOCALIZABILITY_NONLOCALIZED = YES;
				CLANG_ANALYZER_NONNULL = YES;
				CLANG_CXX_LANGUAGE_STANDARD = "gnu++0x";
				CLANG_CXX_LIBRARY = "libc++";
				CLANG_ENABLE_MODULES = YES;
				CLANG_ENABLE_OBJC_ARC = YES;
				CLANG_WARN_BLOCK_CAPTURE_AUTORELEASING = YES;
				CLANG_WARN_BOOL_CONVERSION = YES;
				CLANG_WARN_COMMA = YES;
				CLANG_WARN_CONSTANT_CONVERSION = YES;
				CLANG_WARN_DEPRECATED_OBJC_IMPLEMENTATIONS = YES;
				CLANG_WARN_DIRECT_OBJC_ISA_USAGE = YES_ERROR;
				CLANG_WARN_DOCUMENTATION_COMMENTS = YES;
				CLANG_WARN_EMPTY_BODY = YES;
				CLANG_WARN_ENUM_CONVERSION = YES;
				CLANG_WARN_INFINITE_RECURSION = YES;
				CLANG_WARN_INT_CONVERSION = YES;
				CLANG_WARN_NON_LITERAL_NULL_CONVERSION = YES;
				CLANG_WARN_OBJC_IMPLICIT_RETAIN_SELF = YES;
				CLANG_WARN_OBJC_LITERAL_CONVERSION = YES;
				CLANG_WARN_OBJC_ROOT_CLASS = YES_ERROR;
				CLANG_WARN_RANGE_LOOP_ANALYSIS = YES;
				CLANG_WARN_STRICT_PROTOTYPES = YES;
				CLANG_WARN_SUSPICIOUS_MOVE = YES;
				CLANG_WARN_UNREACHABLE_CODE = YES;
				CLANG_WARN__DUPLICATE_METHOD_MATCH = YES;
				CODE_SIGN_IDENTITY = "-";
				COPY_PHASE_STRIP = NO;
				DEBUG_INFORMATION_FORMAT = dwarf;
				ENABLE_STRICT_OBJC_MSGSEND = YES;
				ENABLE_TESTABILITY = YES;
				GCC_C_LANGUAGE_STANDARD = gnu99;
				GCC_DYNAMIC_NO_PIC = NO;
				GCC_NO_COMMON_BLOCKS = YES;
				GCC_OPTIMIZATION_LEVEL = 0;
				GCC_PREPROCESSOR_DEFINITIONS = (
					"DEBUG=1",
					"$(inherited)",
				);
				GCC_WARN_64_TO_32_BIT_CONVERSION = YES;
				GCC_WARN_ABOUT_RETURN_TYPE = YES_ERROR;
				GCC_WARN_UNDECLARED_SELECTOR = YES;
				GCC_WARN_UNINITIALIZED_AUTOS = YES_AGGRESSIVE;
				GCC_WARN_UNUSED_FUNCTION = YES;
				GCC_WARN_UNUSED_VARIABLE = YES;
				MACOSX_DEPLOYMENT_TARGET = 10.12;
				MTL_ENABLE_DEBUG_INFO = YES;
				ONLY_ACTIVE_ARCH = YES;
				SDKROOT = macosx;
			};
			name = Debug;
		};
		A9506CF61E69AAEB009A0045 /* Release */ = {
			isa = XCBuildConfiguration;
			buildSettings = {
				ALWAYS_SEARCH_USER_PATHS = NO;
				CLANG_ANALYZER_LOCALIZABILITY_NONLOCALIZED = YES;
				CLANG_ANALYZER_NONNULL = YES;
				CLANG_CXX_LANGUAGE_STANDARD = "gnu++0x";
				CLANG_CXX_LIBRARY = "libc++";
				CLANG_ENABLE_MODULES = YES;
				CLANG_ENABLE_OBJC_ARC = YES;
				CLANG_WARN_BLOCK_CAPTURE_AUTORELEASING = YES;
				CLANG_WARN_BOOL_CONVERSION = YES;
				CLANG_WARN_COMMA = YES;
				CLANG_WARN_CONSTANT_CONVERSION = YES;
				CLANG_WARN_DEPRECATED_OBJC_IMPLEMENTATIONS = YES;
				CLANG_WARN_DIRECT_OBJC_ISA_USAGE = YES_ERROR;
				CLANG_WARN_DOCUMENTATION_COMMENTS = YES;
				CLANG_WARN_EMPTY_BODY = YES;
				CLANG_WARN_ENUM_CONVERSION = YES;
				CLANG_WARN_INFINITE_RECURSION = YES;
				CLANG_WARN_INT_CONVERSION = YES;
				CLANG_WARN_NON_LITERAL_NULL_CONVERSION = YES;
				CLANG_WARN_OBJC_IMPLICIT_RETAIN_SELF = YES;
				CLANG_WARN_OBJC_LITERAL_CONVERSION = YES;
				CLANG_WARN_OBJC_ROOT_CLASS = YES_ERROR;
				CLANG_WARN_RANGE_LOOP_ANALYSIS = YES;
				CLANG_WARN_STRICT_PROTOTYPES = YES;
				CLANG_WARN_SUSPICIOUS_MOVE = YES;
				CLANG_WARN_UNREACHABLE_CODE = YES;
				CLANG_WARN__DUPLICATE_METHOD_MATCH = YES;
				CODE_SIGN_IDENTITY = "-";
				COPY_PHASE_STRIP = NO;
				DEBUG_INFORMATION_FORMAT = "dwarf-with-dsym";
				ENABLE_NS_ASSERTIONS = NO;
				ENABLE_STRICT_OBJC_MSGSEND = YES;
				GCC_C_LANGUAGE_STANDARD = gnu99;
				GCC_NO_COMMON_BLOCKS = YES;
				GCC_WARN_64_TO_32_BIT_CONVERSION = YES;
				GCC_WARN_ABOUT_RETURN_TYPE = YES_ERROR;
				GCC_WARN_UNDECLARED_SELECTOR = YES;
				GCC_WARN_UNINITIALIZED_AUTOS = YES_AGGRESSIVE;
				GCC_WARN_UNUSED_FUNCTION = YES;
				GCC_WARN_UNUSED_VARIABLE = YES;
				MACOSX_DEPLOYMENT_TARGET = 10.12;
				MTL_ENABLE_DEBUG_INFO = NO;
				SDKROOT = macosx;
			};
			name = Release;
		};
		A9506CF81E69AAEB009A0045 /* Debug */ = {
			isa = XCBuildConfiguration;
			buildSettings = {
				CLANG_WARN_ASSIGN_ENUM = YES;
				CLANG_WARN_IMPLICIT_SIGN_CONVERSION = NO;
				CLANG_WARN_SUSPICIOUS_IMPLICIT_CONVERSION = NO;
				GCC_TREAT_IMPLICIT_FUNCTION_DECLARATIONS_AS_ERRORS = YES;
				GCC_TREAT_INCOMPATIBLE_POINTER_TYPE_WARNINGS_AS_ERRORS = YES;
				GCC_WARN_ABOUT_MISSING_FIELD_INITIALIZERS = YES;
				GCC_WARN_ABOUT_MISSING_NEWLINE = YES;
				GCC_WARN_ABOUT_MISSING_PROTOTYPES = YES;
				GCC_WARN_FOUR_CHARACTER_CONSTANTS = YES;
				GCC_WARN_INITIALIZER_NOT_FULLY_BRACKETED = YES;
				GCC_WARN_SHADOW = YES;
				GCC_WARN_SIGN_COMPARE = NO;
				GCC_WARN_UNUSED_LABEL = YES;
				GCC_WARN_UNUSED_PARAMETER = YES;
				PRODUCT_NAME = "$(TARGET_NAME)";
			};
			name = Debug;
		};
		A9506CF91E69AAEB009A0045 /* Release */ = {
			isa = XCBuildConfiguration;
			buildSettings = {
				CLANG_WARN_ASSIGN_ENUM = YES;
				CLANG_WARN_IMPLICIT_SIGN_CONVERSION = NO;
				CLANG_WARN_SUSPICIOUS_IMPLICIT_CONVERSION = NO;
				GCC_TREAT_IMPLICIT_FUNCTION_DECLARATIONS_AS_ERRORS = YES;
				GCC_TREAT_INCOMPATIBLE_POINTER_TYPE_WARNINGS_AS_ERRORS = YES;
				GCC_WARN_ABOUT_MISSING_FIELD_INITIALIZERS = YES;
				GCC_WARN_ABOUT_MISSING_NEWLINE = YES;
				GCC_WARN_ABOUT_MISSING_PROTOTYPES = YES;
				GCC_WARN_FOUR_CHARACTER_CONSTANTS = YES;
				GCC_WARN_INITIALIZER_NOT_FULLY_BRACKETED = YES;
				GCC_WARN_SHADOW = YES;
				GCC_WARN_SIGN_COMPARE = NO;
				GCC_WARN_UNUSED_LABEL = YES;
				GCC_WARN_UNUSED_PARAMETER = YES;
				PRODUCT_NAME = "$(TARGET_NAME)";
			};
			name = Release;
		};
/* End XCBuildConfiguration section */

/* Begin XCConfigurationList section */
		A9506CEB1E69AAEB009A0045 /* Build configuration list for PBXProject "gravity" */ = {
			isa = XCConfigurationList;
			buildConfigurations = (
				A9506CF51E69AAEB009A0045 /* Debug */,
				A9506CF61E69AAEB009A0045 /* Release */,
			);
			defaultConfigurationIsVisible = 0;
			defaultConfigurationName = Release;
		};
		A9506CF71E69AAEB009A0045 /* Build configuration list for PBXNativeTarget "gravity" */ = {
			isa = XCConfigurationList;
			buildConfigurations = (
				A9506CF81E69AAEB009A0045 /* Debug */,
				A9506CF91E69AAEB009A0045 /* Release */,
			);
			defaultConfigurationIsVisible = 0;
			defaultConfigurationName = Release;
		};
/* End XCConfigurationList section */
	};
	rootObject = A9506CE81E69AAEB009A0045 /* Project object */;
}
